
Microsoft Visual Studio Solution File, Format Version 12.00
# Visual Studio Version 17
VisualStudioVersion = 17.10.35013.160
MinimumVisualStudioVersion = 10.0.40219.1
Project("{9A19103F-16F7-4668-BE54-9A1E7A4F7556}") = "GtfsFeedValidator", "GtfsFeedValidator.csproj", "{B05372CD-DCC5-4434-B51F-1BCDCE9F0634}"
EndProject
Project("{FAE04EC0-301F-11D3-BF4B-00C04F79EFBC}") = "GtfsFeedValidator.Test", "..\GtfsFeedValidator.Test\GtfsFeedValidator.Test.csproj", "{48345FF1-C77D-44EB-8356-94C4A7B6A24B}"
EndProject
Global
	GlobalSection(SolutionConfigurationPlatforms) = preSolution
		Debug|Any CPU = Debug|Any CPU
		Release|Any CPU = Release|Any CPU
	EndGlobalSection
	GlobalSection(ProjectConfigurationPlatforms) = postSolution
		{B05372CD-DCC5-4434-B51F-1BCDCE9F0634}.Debug|Any CPU.ActiveCfg = Debug|Any CPU
		{B05372CD-DCC5-4434-B51F-1BCDCE9F0634}.Debug|Any CPU.Build.0 = Debug|Any CPU
		{B05372CD-DCC5-4434-B51F-1BCDCE9F0634}.Release|Any CPU.ActiveCfg = Release|Any CPU
		{B05372CD-DCC5-4434-B51F-1BCDCE9F0634}.Release|Any CPU.Build.0 = Release|Any CPU
		{48345FF1-C77D-44EB-8356-94C4A7B6A24B}.Debug|Any CPU.ActiveCfg = Debug|Any CPU
		{48345FF1-C77D-44EB-8356-94C4A7B6A24B}.Debug|Any CPU.Build.0 = Debug|Any CPU
		{48345FF1-C77D-44EB-8356-94C4A7B6A24B}.Release|Any CPU.ActiveCfg = Release|Any CPU
		{48345FF1-C77D-44EB-8356-94C4A7B6A24B}.Release|Any CPU.Build.0 = Release|Any CPU
	EndGlobalSection
	GlobalSection(SolutionProperties) = preSolution
		HideSolutionNode = FALSE
	EndGlobalSection
	GlobalSection(ExtensibilityGlobals) = postSolution
		SolutionGuid = {DB42822E-2473-46AD-BFD2-B2A11647E2DC}
	EndGlobalSection
EndGlobal
